
Microsoft Visual Studio Solution File, Format Version 12.00
Project("{FAE04EC0-301F-11D3-BF4B-00C04F79EFBC}") = "Task5", "Task5\Task5.csproj", "{94703E1F-C9FC-4941-80CB-C890A78DDFDE}"
EndProject
Global
	GlobalSection(SolutionConfigurationPlatforms) = preSolution
		Debug|Any CPU = Debug|Any CPU
		Release|Any CPU = Release|Any CPU
	EndGlobalSection
	GlobalSection(ProjectConfigurationPlatforms) = postSolution
		{94703E1F-C9FC-4941-80CB-C890A78DDFDE}.Debug|Any CPU.ActiveCfg = Debug|Any CPU
		{94703E1F-C9FC-4941-80CB-C890A78DDFDE}.Debug|Any CPU.Build.0 = Debug|Any CPU
		{94703E1F-C9FC-4941-80CB-C890A78DDFDE}.Release|Any CPU.ActiveCfg = Release|Any CPU
		{94703E1F-C9FC-4941-80CB-C890A78DDFDE}.Release|Any CPU.Build.0 = Release|Any CPU
	EndGlobalSection
EndGlobal
